
Microsoft Visual Studio Solution File, Format Version 12.00
# Visual Studio Version 17
VisualStudioVersion = 17.0.31903.59
MinimumVisualStudioVersion = 10.0.40219.1
Project("{2150E333-8FDC-42A3-9474-1A3956D46DE8}") = "src", "src", "{827E0CD3-B72D-47B6-A68D-7590B98EB39B}"
EndProject
Project("{FAE04EC0-301F-11D3-BF4B-00C04F79EFBC}") = "OrangeBank.WebApi", "src\OrangeBank.WebApi\OrangeBank.WebApi.csproj", "{EBC86D8E-3B18-43ED-9BB5-612D6BC499B1}"
EndProject
Project("{FAE04EC0-301F-11D3-BF4B-00C04F79EFBC}") = "OrangeBank.Core", "src\OrangeBank.Core\OrangeBank.Core.csproj", "{9EF49DDE-E551-4D20-8FC3-B1FE823994CB}"
EndProject
Project("{FAE04EC0-301F-11D3-BF4B-00C04F79EFBC}") = "OrangeBank.Application", "src\OrangeBank.Application\OrangeBank.Application.csproj", "{07223D54-C82C-4EC0-A04B-17205C0C5895}"
EndProject
Project("{FAE04EC0-301F-11D3-BF4B-00C04F79EFBC}") = "OrangeBank.Infrastructure", "src\OrangeBank.Infrastructure\OrangeBank.Infrastructure.csproj", "{20CED8C1-0331-4512-A53E-ADB674B3630F}"
EndProject
Project("{2150E333-8FDC-42A3-9474-1A3956D46DE8}") = "tests", "tests", "{0AB3BF05-4346-4AA6-1389-037BE0695223}"
EndProject
Project("{FAE04EC0-301F-11D3-BF4B-00C04F79EFBC}") = "OrangeBank.Core.Tests", "tests\OrangeBank.Core.Tests\OrangeBank.Core.Tests.csproj", "{59E3FB05-382A-4CFE-AB18-C8966C872FA1}"
EndProject
Project("{FAE04EC0-301F-11D3-BF4B-00C04F79EFBC}") = "OrangeBank.Application.Tests", "tests\OrangeBank.Application.Tests\OrangeBank.Application.Tests.csproj", "{27EDC52B-C515-493B-B11E-402069014D66}"
EndProject
Global
	GlobalSection(SolutionConfigurationPlatforms) = preSolution
		Debug|Any CPU = Debug|Any CPU
		Debug|x64 = Debug|x64
		Debug|x86 = Debug|x86
		Release|Any CPU = Release|Any CPU
		Release|x64 = Release|x64
		Release|x86 = Release|x86
	EndGlobalSection
	GlobalSection(ProjectConfigurationPlatforms) = postSolution
		{EBC86D8E-3B18-43ED-9BB5-612D6BC499B1}.Debug|Any CPU.ActiveCfg = Debug|Any CPU
		{EBC86D8E-3B18-43ED-9BB5-612D6BC499B1}.Debug|Any CPU.Build.0 = Debug|Any CPU
		{EBC86D8E-3B18-43ED-9BB5-612D6BC499B1}.Debug|x64.ActiveCfg = Debug|Any CPU
		{EBC86D8E-3B18-43ED-9BB5-612D6BC499B1}.Debug|x64.Build.0 = Debug|Any CPU
		{EBC86D8E-3B18-43ED-9BB5-612D6BC499B1}.Debug|x86.ActiveCfg = Debug|Any CPU
		{EBC86D8E-3B18-43ED-9BB5-612D6BC499B1}.Debug|x86.Build.0 = Debug|Any CPU
		{EBC86D8E-3B18-43ED-9BB5-612D6BC499B1}.Release|Any CPU.ActiveCfg = Release|Any CPU
		{EBC86D8E-3B18-43ED-9BB5-612D6BC499B1}.Release|Any CPU.Build.0 = Release|Any CPU
		{EBC86D8E-3B18-43ED-9BB5-612D6BC499B1}.Release|x64.ActiveCfg = Release|Any CPU
		{EBC86D8E-3B18-43ED-9BB5-612D6BC499B1}.Release|x64.Build.0 = Release|Any CPU
		{EBC86D8E-3B18-43ED-9BB5-612D6BC499B1}.Release|x86.ActiveCfg = Release|Any CPU
		{EBC86D8E-3B18-43ED-9BB5-612D6BC499B1}.Release|x86.Build.0 = Release|Any CPU
		{9EF49DDE-E551-4D20-8FC3-B1FE823994CB}.Debug|Any CPU.ActiveCfg = Debug|Any CPU
		{9EF49DDE-E551-4D20-8FC3-B1FE823994CB}.Debug|Any CPU.Build.0 = Debug|Any CPU
		{9EF49DDE-E551-4D20-8FC3-B1FE823994CB}.Debug|x64.ActiveCfg = Debug|Any CPU
		{9EF49DDE-E551-4D20-8FC3-B1FE823994CB}.Debug|x64.Build.0 = Debug|Any CPU
		{9EF49DDE-E551-4D20-8FC3-B1FE823994CB}.Debug|x86.ActiveCfg = Debug|Any CPU
		{9EF49DDE-E551-4D20-8FC3-B1FE823994CB}.Debug|x86.Build.0 = Debug|Any CPU
		{9EF49DDE-E551-4D20-8FC3-B1FE823994CB}.Release|Any CPU.ActiveCfg = Release|Any CPU
		{9EF49DDE-E551-4D20-8FC3-B1FE823994CB}.Release|Any CPU.Build.0 = Release|Any CPU
		{9EF49DDE-E551-4D20-8FC3-B1FE823994CB}.Release|x64.ActiveCfg = Release|Any CPU
		{9EF49DDE-E551-4D20-8FC3-B1FE823994CB}.Release|x64.Build.0 = Release|Any CPU
		{9EF49DDE-E551-4D20-8FC3-B1FE823994CB}.Release|x86.ActiveCfg = Release|Any CPU
		{9EF49DDE-E551-4D20-8FC3-B1FE823994CB}.Release|x86.Build.0 = Release|Any CPU
		{07223D54-C82C-4EC0-A04B-17205C0C5895}.Debug|Any CPU.ActiveCfg = Debug|Any CPU
		{07223D54-C82C-4EC0-A04B-17205C0C5895}.Debug|Any CPU.Build.0 = Debug|Any CPU
		{07223D54-C82C-4EC0-A04B-17205C0C5895}.Debug|x64.ActiveCfg = Debug|Any CPU
		{07223D54-C82C-4EC0-A04B-17205C0C5895}.Debug|x64.Build.0 = Debug|Any CPU
		{07223D54-C82C-4EC0-A04B-17205C0C5895}.Debug|x86.ActiveCfg = Debug|Any CPU
		{07223D54-C82C-4EC0-A04B-17205C0C5895}.Debug|x86.Build.0 = Debug|Any CPU
		{07223D54-C82C-4EC0-A04B-17205C0C5895}.Release|Any CPU.ActiveCfg = Release|Any CPU
		{07223D54-C82C-4EC0-A04B-17205C0C5895}.Release|Any CPU.Build.0 = Release|Any CPU
		{07223D54-C82C-4EC0-A04B-17205C0C5895}.Release|x64.ActiveCfg = Release|Any CPU
		{07223D54-C82C-4EC0-A04B-17205C0C5895}.Release|x64.Build.0 = Release|Any CPU
		{07223D54-C82C-4EC0-A04B-17205C0C5895}.Release|x86.ActiveCfg = Release|Any CPU
		{07223D54-C82C-4EC0-A04B-17205C0C5895}.Release|x86.Build.0 = Release|Any CPU
		{20CED8C1-0331-4512-A53E-ADB674B3630F}.Debug|Any CPU.ActiveCfg = Debug|Any CPU
		{20CED8C1-0331-4512-A53E-ADB674B3630F}.Debug|Any CPU.Build.0 = Debug|Any CPU
		{20CED8C1-0331-4512-A53E-ADB674B3630F}.Debug|x64.ActiveCfg = Debug|Any CPU
		{20CED8C1-0331-4512-A53E-ADB674B3630F}.Debug|x64.Build.0 = Debug|Any CPU
		{20CED8C1-0331-4512-A53E-ADB674B3630F}.Debug|x86.ActiveCfg = Debug|Any CPU
		{20CED8C1-0331-4512-A53E-ADB674B3630F}.Debug|x86.Build.0 = Debug|Any CPU
		{20CED8C1-0331-4512-A53E-ADB674B3630F}.Release|Any CPU.ActiveCfg = Release|Any CPU
		{20CED8C1-0331-4512-A53E-ADB674B3630F}.Release|Any CPU.Build.0 = Release|Any CPU
		{20CED8C1-0331-4512-A53E-ADB674B3630F}.Release|x64.ActiveCfg = Release|Any CPU
		{20CED8C1-0331-4512-A53E-ADB674B3630F}.Release|x64.Build.0 = Release|Any CPU
		{20CED8C1-0331-4512-A53E-ADB674B3630F}.Release|x86.ActiveCfg = Release|Any CPU
		{20CED8C1-0331-4512-A53E-ADB674B3630F}.Release|x86.Build.0 = Release|Any CPU
		{59E3FB05-382A-4CFE-AB18-C8966C872FA1}.Debug|Any CPU.ActiveCfg = Debug|Any CPU
		{59E3FB05-382A-4CFE-AB18-C8966C872FA1}.Debug|Any CPU.Build.0 = Debug|Any CPU
		{59E3FB05-382A-4CFE-AB18-C8966C872FA1}.Debug|x64.ActiveCfg = Debug|Any CPU
		{59E3FB05-382A-4CFE-AB18-C8966C872FA1}.Debug|x64.Build.0 = Debug|Any CPU
		{59E3FB05-382A-4CFE-AB18-C8966C872FA1}.Debug|x86.ActiveCfg = Debug|Any CPU
		{59E3FB05-382A-4CFE-AB18-C8966C872FA1}.Debug|x86.Build.0 = Debug|Any CPU
		{59E3FB05-382A-4CFE-AB18-C8966C872FA1}.Release|Any CPU.ActiveCfg = Release|Any CPU
		{59E3FB05-382A-4CFE-AB18-C8966C872FA1}.Release|Any CPU.Build.0 = Release|Any CPU
		{59E3FB05-382A-4CFE-AB18-C8966C872FA1}.Release|x64.ActiveCfg = Release|Any CPU
		{59E3FB05-382A-4CFE-AB18-C8966C872FA1}.Release|x64.Build.0 = Release|Any CPU
		{59E3FB05-382A-4CFE-AB18-C8966C872FA1}.Release|x86.ActiveCfg = Release|Any CPU
		{59E3FB05-382A-4CFE-AB18-C8966C872FA1}.Release|x86.Build.0 = Release|Any CPU
		{27EDC52B-C515-493B-B11E-402069014D66}.Debug|Any CPU.ActiveCfg = Debug|Any CPU
		{27EDC52B-C515-493B-B11E-402069014D66}.Debug|Any CPU.Build.0 = Debug|Any CPU
		{27EDC52B-C515-493B-B11E-402069014D66}.Debug|x64.ActiveCfg = Debug|Any CPU
		{27EDC52B-C515-493B-B11E-402069014D66}.Debug|x64.Build.0 = Debug|Any CPU
		{27EDC52B-C515-493B-B11E-402069014D66}.Debug|x86.ActiveCfg = Debug|Any CPU
		{27EDC52B-C515-493B-B11E-402069014D66}.Debug|x86.Build.0 = Debug|Any CPU
		{27EDC52B-C515-493B-B11E-402069014D66}.Release|Any CPU.ActiveCfg = Release|Any CPU
		{27EDC52B-C515-493B-B11E-402069014D66}.Release|Any CPU.Build.0 = Release|Any CPU
		{27EDC52B-C515-493B-B11E-402069014D66}.Release|x64.ActiveCfg = Release|Any CPU
		{27EDC52B-C515-493B-B11E-402069014D66}.Release|x64.Build.0 = Release|Any CPU
		{27EDC52B-C515-493B-B11E-402069014D66}.Release|x86.ActiveCfg = Release|Any CPU
		{27EDC52B-C515-493B-B11E-402069014D66}.Release|x86.Build.0 = Release|Any CPU
	EndGlobalSection
	GlobalSection(SolutionProperties) = preSolution
		HideSolutionNode = FALSE
	EndGlobalSection
	GlobalSection(NestedProjects) = preSolution
		{EBC86D8E-3B18-43ED-9BB5-612D6BC499B1} = {827E0CD3-B72D-47B6-A68D-7590B98EB39B}
		{9EF49DDE-E551-4D20-8FC3-B1FE823994CB} = {827E0CD3-B72D-47B6-A68D-7590B98EB39B}
		{07223D54-C82C-4EC0-A04B-17205C0C5895} = {827E0CD3-B72D-47B6-A68D-7590B98EB39B}
		{20CED8C1-0331-4512-A53E-ADB674B3630F} = {827E0CD3-B72D-47B6-A68D-7590B98EB39B}
		{59E3FB05-382A-4CFE-AB18-C8966C872FA1} = {0AB3BF05-4346-4AA6-1389-037BE0695223}
		{27EDC52B-C515-493B-B11E-402069014D66} = {0AB3BF05-4346-4AA6-1389-037BE0695223}
	EndGlobalSection
EndGlobal
